
Microsoft Visual Studio Solution File, Format Version 12.00
# Visual Studio Version 16
VisualStudioVersion = 16.0.30204.135
MinimumVisualStudioVersion = 10.0.40219.1
Project("{FAE04EC0-301F-11D3-BF4B-00C04F79EFBC}") = "Binaris_fak_10F", "Binaris_fak_10F\Binaris_fak_10F.csproj", "{230E35D7-F9CA-4E6B-B507-6EC5ADE5C306}"
EndProject
Global
	GlobalSection(SolutionConfigurationPlatforms) = preSolution
		Debug|Any CPU = Debug|Any CPU
		Release|Any CPU = Release|Any CPU
	EndGlobalSection
	GlobalSection(ProjectConfigurationPlatforms) = postSolution
		{230E35D7-F9CA-4E6B-B507-6EC5ADE5C306}.Debug|Any CPU.ActiveCfg = Debug|Any CPU
		{230E35D7-F9CA-4E6B-B507-6EC5ADE5C306}.Debug|Any CPU.Build.0 = Debug|Any CPU
		{230E35D7-F9CA-4E6B-B507-6EC5ADE5C306}.Release|Any CPU.ActiveCfg = Release|Any CPU
		{230E35D7-F9CA-4E6B-B507-6EC5ADE5C306}.Release|Any CPU.Build.0 = Release|Any CPU
	EndGlobalSection
	GlobalSection(SolutionProperties) = preSolution
		HideSolutionNode = FALSE
	EndGlobalSection
	GlobalSection(ExtensibilityGlobals) = postSolution
		SolutionGuid = {DC58C2AD-286A-4421-9686-2614F63C9BE8}
	EndGlobalSection
EndGlobal
