
Microsoft Visual Studio Solution File, Format Version 12.00
# Visual Studio Version 16
VisualStudioVersion = 16.0.30204.135
MinimumVisualStudioVersion = 10.0.40219.1
Project("{FAE04EC0-301F-11D3-BF4B-00C04F79EFBC}") = "10F-Rendezett_lista", "10F-Rendezett_lista\10F-Rendezett_lista.csproj", "{8A6CD2AF-2C6D-4875-9DFA-E1AECB6BF7D3}"
EndProject
Global
	GlobalSection(SolutionConfigurationPlatforms) = preSolution
		Debug|Any CPU = Debug|Any CPU
		Release|Any CPU = Release|Any CPU
	EndGlobalSection
	GlobalSection(ProjectConfigurationPlatforms) = postSolution
		{8A6CD2AF-2C6D-4875-9DFA-E1AECB6BF7D3}.Debug|Any CPU.ActiveCfg = Debug|Any CPU
		{8A6CD2AF-2C6D-4875-9DFA-E1AECB6BF7D3}.Debug|Any CPU.Build.0 = Debug|Any CPU
		{8A6CD2AF-2C6D-4875-9DFA-E1AECB6BF7D3}.Release|Any CPU.ActiveCfg = Release|Any CPU
		{8A6CD2AF-2C6D-4875-9DFA-E1AECB6BF7D3}.Release|Any CPU.Build.0 = Release|Any CPU
	EndGlobalSection
	GlobalSection(SolutionProperties) = preSolution
		HideSolutionNode = FALSE
	EndGlobalSection
	GlobalSection(ExtensibilityGlobals) = postSolution
		SolutionGuid = {EA43D05A-6901-4155-86E3-40364C81800E}
	EndGlobalSection
EndGlobal
